
Microsoft Visual Studio Solution File, Format Version 12.00
Project("{FAE04EC0-301F-11D3-BF4B-00C04F79EFBC}") = "DomainLogic", "DomainLogic\DomainLogic.csproj", "{36336718-616B-43EA-98FB-529A24E91932}"
EndProject
Project("{FAE04EC0-301F-11D3-BF4B-00C04F79EFBC}") = "WebApplicationAttempt", "WebApplicationAttempt\WebApplicationAttempt.csproj", "{4DF76A51-2FC6-4D69-820B-CD447A2C30FE}"
EndProject
Project("{FAE04EC0-301F-11D3-BF4B-00C04F79EFBC}") = "DomainLogicTest", "DomainLogicTest\DomainLogicTest.csproj", "{D88303DB-4CF4-4606-8622-4C3CE083A835}"
EndProject
Global
	GlobalSection(SolutionConfigurationPlatforms) = preSolution
		Debug|Any CPU = Debug|Any CPU
		Release|Any CPU = Release|Any CPU
	EndGlobalSection
	GlobalSection(ProjectConfigurationPlatforms) = postSolution
		{36336718-616B-43EA-98FB-529A24E91932}.Debug|Any CPU.ActiveCfg = Debug|Any CPU
		{36336718-616B-43EA-98FB-529A24E91932}.Debug|Any CPU.Build.0 = Debug|Any CPU
		{36336718-616B-43EA-98FB-529A24E91932}.Release|Any CPU.ActiveCfg = Release|Any CPU
		{36336718-616B-43EA-98FB-529A24E91932}.Release|Any CPU.Build.0 = Release|Any CPU
		{4DF76A51-2FC6-4D69-820B-CD447A2C30FE}.Debug|Any CPU.ActiveCfg = Debug|Any CPU
		{4DF76A51-2FC6-4D69-820B-CD447A2C30FE}.Debug|Any CPU.Build.0 = Debug|Any CPU
		{4DF76A51-2FC6-4D69-820B-CD447A2C30FE}.Release|Any CPU.ActiveCfg = Release|Any CPU
		{4DF76A51-2FC6-4D69-820B-CD447A2C30FE}.Release|Any CPU.Build.0 = Release|Any CPU
		{D88303DB-4CF4-4606-8622-4C3CE083A835}.Debug|Any CPU.ActiveCfg = Debug|Any CPU
		{D88303DB-4CF4-4606-8622-4C3CE083A835}.Debug|Any CPU.Build.0 = Debug|Any CPU
		{D88303DB-4CF4-4606-8622-4C3CE083A835}.Release|Any CPU.ActiveCfg = Release|Any CPU
		{D88303DB-4CF4-4606-8622-4C3CE083A835}.Release|Any CPU.Build.0 = Release|Any CPU
	EndGlobalSection
EndGlobal
